# This file is automatically @generated by Cargo.
# It is not intended for manual editing.
version = 3

[[package]]
name = "coenobita-ast"
version = "0.1.0"
dependencies = [
 "itertools",
]

[[package]]
name = "coenobita-bin"
version = "0.1.0"
dependencies = [
 "coenobita-log",
 "coenobita-typeck",
]

[[package]]
name = "coenobita-log"
version = "0.1.0"
dependencies = [
 "once_cell",
]

[[package]]
name = "coenobita-middle"
version = "0.1.0"
dependencies = [
 "coenobita-ast",
 "itertools",
]

[[package]]
name = "coenobita-parse"
version = "0.1.0"
dependencies = [
 "coenobita-ast",
]

[[package]]
name = "coenobita-typeck"
version = "0.1.0"
dependencies = [
 "coenobita-ast",
 "coenobita-log",
 "coenobita-middle",
 "coenobita-parse",
]

[[package]]
name = "either"
version = "1.13.0"
source = "registry+https://github.com/rust-lang/crates.io-index"
checksum = "60b1af1c220855b6ceac025d3f6ecdd2b7c4894bfe9cd9bda4fbb4bc7c0d4cf0"

[[package]]
name = "itertools"
version = "0.13.0"
source = "registry+https://github.com/rust-lang/crates.io-index"
checksum = "413ee7dfc52ee1a4949ceeb7dbc8a33f2d6c088194d9f922fb8318faf1f01186"
dependencies = [
 "either",
]

[[package]]
name = "once_cell"
version = "1.20.2"
source = "registry+https://github.com/rust-lang/crates.io-index"
checksum = "1261fe7e33c73b354eab43b1273a57c8f967d0391e80353e51f764ac02cf6775"
